
Microsoft Visual Studio Solution File, Format Version 12.00
# Visual Studio Version 17
VisualStudioVersion = 17.1.32414.318
MinimumVisualStudioVersion = 10.0.40219.1
Project("{FAE04EC0-301F-11D3-BF4B-00C04F79EFBC}") = "LinqPractice", "LinqPractice\LinqPractice.csproj", "{E013C2C6-0A72-4916-BB91-70DC66C5758F}"
EndProject
Global
	GlobalSection(SolutionConfigurationPlatforms) = preSolution
		Debug|Any CPU = Debug|Any CPU
		Release|Any CPU = Release|Any CPU
	EndGlobalSection
	GlobalSection(ProjectConfigurationPlatforms) = postSolution
		{E013C2C6-0A72-4916-BB91-70DC66C5758F}.Debug|Any CPU.ActiveCfg = Debug|Any CPU
		{E013C2C6-0A72-4916-BB91-70DC66C5758F}.Debug|Any CPU.Build.0 = Debug|Any CPU
		{E013C2C6-0A72-4916-BB91-70DC66C5758F}.Release|Any CPU.ActiveCfg = Release|Any CPU
		{E013C2C6-0A72-4916-BB91-70DC66C5758F}.Release|Any CPU.Build.0 = Release|Any CPU
	EndGlobalSection
	GlobalSection(SolutionProperties) = preSolution
		HideSolutionNode = FALSE
	EndGlobalSection
	GlobalSection(ExtensibilityGlobals) = postSolution
		SolutionGuid = {B543C607-58C3-4304-A7D1-D5208E6BBD78}
	EndGlobalSection
EndGlobal
